
Microsoft Visual Studio Solution File, Format Version 12.00
# Visual Studio Version 16
VisualStudioVersion = 16.0.31321.278
MinimumVisualStudioVersion = 10.0.40219.1
Project("{FAE04EC0-301F-11D3-BF4B-00C04F79EFBC}") = "YoutubeDLQualityTest", "YoutubeDLQualityTest\YoutubeDLQualityTest.csproj", "{645286A6-C685-4856-95B6-7552D81D5151}"
EndProject
Global
	GlobalSection(SolutionConfigurationPlatforms) = preSolution
		Debug|Any CPU = Debug|Any CPU
		Release|Any CPU = Release|Any CPU
	EndGlobalSection
	GlobalSection(ProjectConfigurationPlatforms) = postSolution
		{645286A6-C685-4856-95B6-7552D81D5151}.Debug|Any CPU.ActiveCfg = Debug|Any CPU
		{645286A6-C685-4856-95B6-7552D81D5151}.Debug|Any CPU.Build.0 = Debug|Any CPU
		{645286A6-C685-4856-95B6-7552D81D5151}.Release|Any CPU.ActiveCfg = Release|Any CPU
		{645286A6-C685-4856-95B6-7552D81D5151}.Release|Any CPU.Build.0 = Release|Any CPU
	EndGlobalSection
	GlobalSection(SolutionProperties) = preSolution
		HideSolutionNode = FALSE
	EndGlobalSection
	GlobalSection(ExtensibilityGlobals) = postSolution
		SolutionGuid = {D7957832-F9BA-40F1-BADB-3DFEF83DE7E3}
	EndGlobalSection
EndGlobal
